
Microsoft Visual Studio Solution File, Format Version 12.00
# Visual Studio Version 16
VisualStudioVersion = 16.0.31205.134
MinimumVisualStudioVersion = 10.0.40219.1
Project("{FAE04EC0-301F-11D3-BF4B-00C04F79EFBC}") = "ImageQuant", "ImageQuant\ImageQuant.csproj", "{C51995B2-F57A-435D-BA9B-FEDE59A5204B}"
EndProject
Global
	GlobalSection(SolutionConfigurationPlatforms) = preSolution
		Debug|Any CPU = Debug|Any CPU
		Release|Any CPU = Release|Any CPU
	EndGlobalSection
	GlobalSection(ProjectConfigurationPlatforms) = postSolution
		{C51995B2-F57A-435D-BA9B-FEDE59A5204B}.Debug|Any CPU.ActiveCfg = Debug|Any CPU
		{C51995B2-F57A-435D-BA9B-FEDE59A5204B}.Debug|Any CPU.Build.0 = Debug|Any CPU
		{C51995B2-F57A-435D-BA9B-FEDE59A5204B}.Release|Any CPU.ActiveCfg = Release|Any CPU
		{C51995B2-F57A-435D-BA9B-FEDE59A5204B}.Release|Any CPU.Build.0 = Release|Any CPU
	EndGlobalSection
	GlobalSection(SolutionProperties) = preSolution
		HideSolutionNode = FALSE
	EndGlobalSection
	GlobalSection(ExtensibilityGlobals) = postSolution
		SolutionGuid = {C2ECAA82-4057-40A9-87A1-08CA7918CB12}
	EndGlobalSection
EndGlobal
